// !$*UTF8*$!
{
	archiveVersion = 1;
	classes = {
	};
	objectVersion = 48;
	objects = {

/* Begin PBXBuildFile section */
		AC72ECF620D322A100B76D8F /* AppDelegate.swift in Sources */ = {isa = PBXBuildFile; fileRef = AC72ECF520D322A100B76D8F /* AppDelegate.swift */; };
		AC72ECF820D322A100B76D8F /* ViewController.swift in Sources */ = {isa = PBXBuildFile; fileRef = AC72ECF720D322A100B76D8F /* ViewController.swift */; };
		AC72ECFB20D322A100B76D8F /* Main.storyboard in Resources */ = {isa = PBXBuildFile; fileRef = AC72ECF920D322A100B76D8F /* Main.storyboard */; };
		AC72ECFD20D322A100B76D8F /* Assets.xcassets in Resources */ = {isa = PBXBuildFile; fileRef = AC72ECFC20D322A100B76D8F /* Assets.xcassets */; };
		AC72ED0020D322A100B76D8F /* LaunchScreen.storyboard in Resources */ = {isa = PBXBuildFile; fileRef = AC72ECFE20D322A100B76D8F /* LaunchScreen.storyboard */; };
		ACCDD2B420DC5DDE00579EDA /* movies.json in Resources */ = {isa = PBXBuildFile; fileRef = ACCDD2B320DC5DDE00579EDA /* movies.json */; };
		ACCDD2B620DC5EBD00579EDA /* Movie.swift in Sources */ = {isa = PBXBuildFile; fileRef = ACCDD2B520DC5EBD00579EDA /* Movie.swift */; };
		ACCDD2B820DC694000579EDA /* MoviesTableViewController.swift in Sources */ = {isa = PBXBuildFile; fileRef = ACCDD2B720DC694000579EDA /* MoviesTableViewController.swift */; };
		ACCDD2DE20DC82AF00579EDA /* MovieTableViewCell.swift in Sources */ = {isa = PBXBuildFile; fileRef = ACCDD2DD20DC82AF00579EDA /* MovieTableViewCell.swift */; };
/* End PBXBuildFile section */

/* Begin PBXFileReference section */
		AC72ECF220D322A100B76D8F /* MoviesLib.app */ = {isa = PBXFileReference; explicitFileType = wrapper.application; includeInIndex = 0; path = MoviesLib.app; sourceTree = BUILT_PRODUCTS_DIR; };
		AC72ECF520D322A100B76D8F /* AppDelegate.swift */ = {isa = PBXFileReference; lastKnownFileType = sourcecode.swift; path = AppDelegate.swift; sourceTree = "<group>"; };
		AC72ECF720D322A100B76D8F /* ViewController.swift */ = {isa = PBXFileReference; lastKnownFileType = sourcecode.swift; path = ViewController.swift; sourceTree = "<group>"; };
		AC72ECFA20D322A100B76D8F /* Base */ = {isa = PBXFileReference; lastKnownFileType = file.storyboard; name = Base; path = Base.lproj/Main.storyboard; sourceTree = "<group>"; };
		AC72ECFC20D322A100B76D8F /* Assets.xcassets */ = {isa = PBXFileReference; lastKnownFileType = folder.assetcatalog; path = Assets.xcassets; sourceTree = "<group>"; };
		AC72ECFF20D322A100B76D8F /* Base */ = {isa = PBXFileReference; lastKnownFileType = file.storyboard; name = Base; path = Base.lproj/LaunchScreen.storyboard; sourceTree = "<group>"; };
		AC72ED0120D322A100B76D8F /* Info.plist */ = {isa = PBXFileReference; lastKnownFileType = text.plist.xml; path = Info.plist; sourceTree = "<group>"; };
		ACCDD2B320DC5DDE00579EDA /* movies.json */ = {isa = PBXFileReference; fileEncoding = 4; lastKnownFileType = text.json; path = movies.json; sourceTree = "<group>"; };
		ACCDD2B520DC5EBD00579EDA /* Movie.swift */ = {isa = PBXFileReference; lastKnownFileType = sourcecode.swift; path = Movie.swift; sourceTree = "<group>"; };
		ACCDD2B720DC694000579EDA /* MoviesTableViewController.swift */ = {isa = PBXFileReference; lastKnownFileType = sourcecode.swift; path = MoviesTableViewController.swift; sourceTree = "<group>"; };
		ACCDD2DD20DC82AF00579EDA /* MovieTableViewCell.swift */ = {isa = PBXFileReference; lastKnownFileType = sourcecode.swift; path = MovieTableViewCell.swift; sourceTree = "<group>"; };
/* End PBXFileReference section */

/* Begin PBXFrameworksBuildPhase section */
		AC72ECEF20D322A100B76D8F /* Frameworks */ = {
			isa = PBXFrameworksBuildPhase;
			buildActionMask = 2147483647;
			files = (
			);
			runOnlyForDeploymentPostprocessing = 0;
		};
/* End PBXFrameworksBuildPhase section */

/* Begin PBXGroup section */
		AC72ECE920D322A100B76D8F = {
			isa = PBXGroup;
			children = (
				AC72ECF420D322A100B76D8F /* MoviesLib */,
				AC72ECF320D322A100B76D8F /* Products */,
			);
			sourceTree = "<group>";
		};
		AC72ECF320D322A100B76D8F /* Products */ = {
			isa = PBXGroup;
			children = (
				AC72ECF220D322A100B76D8F /* MoviesLib.app */,
			);
			name = Products;
			sourceTree = "<group>";
		};
		AC72ECF420D322A100B76D8F /* MoviesLib */ = {
			isa = PBXGroup;
			children = (
				ACCDD2B320DC5DDE00579EDA /* movies.json */,
				ACCDD2B520DC5EBD00579EDA /* Movie.swift */,
				AC72ECF520D322A100B76D8F /* AppDelegate.swift */,
				AC72ECF720D322A100B76D8F /* ViewController.swift */,
				AC72ECF920D322A100B76D8F /* Main.storyboard */,
				ACCDD2DD20DC82AF00579EDA /* MovieTableViewCell.swift */,
				ACCDD2B720DC694000579EDA /* MoviesTableViewController.swift */,
				AC72ECFC20D322A100B76D8F /* Assets.xcassets */,
				AC72ECFE20D322A100B76D8F /* LaunchScreen.storyboard */,
				AC72ED0120D322A100B76D8F /* Info.plist */,
			);
			path = MoviesLib;
			sourceTree = "<group>";
		};
/* End PBXGroup section */

/* Begin PBXNativeTarget section */
		AC72ECF120D322A100B76D8F /* MoviesLib */ = {
			isa = PBXNativeTarget;
			buildConfigurationList = AC72ED0420D322A100B76D8F /* Build configuration list for PBXNativeTarget "MoviesLib" */;
			buildPhases = (
				AC72ECEE20D322A100B76D8F /* Sources */,
				AC72ECEF20D322A100B76D8F /* Frameworks */,
				AC72ECF020D322A100B76D8F /* Resources */,
			);
			buildRules = (
			);
			dependencies = (
			);
			name = MoviesLib;
			productName = MoviesLib;
			productReference = AC72ECF220D322A100B76D8F /* MoviesLib.app */;
			productType = "com.apple.product-type.application";
		};
/* End PBXNativeTarget section */

/* Begin PBXProject section */
		AC72ECEA20D322A100B76D8F /* Project object */ = {
			isa = PBXProject;
			attributes = {
				LastSwiftUpdateCheck = 0920;
				LastUpgradeCheck = 0920;
				ORGANIZATIONNAME = FIAP;
				TargetAttributes = {
					AC72ECF120D322A100B76D8F = {
						CreatedOnToolsVersion = 9.2;
						ProvisioningStyle = Automatic;
					};
				};
			};
			buildConfigurationList = AC72ECED20D322A100B76D8F /* Build configuration list for PBXProject "MoviesLib" */;
			compatibilityVersion = "Xcode 8.0";
			developmentRegion = en;
			hasScannedForEncodings = 0;
			knownRegions = (
				en,
				Base,
			);
			mainGroup = AC72ECE920D322A100B76D8F;
			productRefGroup = AC72ECF320D322A100B76D8F /* Products */;
			projectDirPath = "";
			projectRoot = "";
			targets = (
				AC72ECF120D322A100B76D8F /* MoviesLib */,
			);
		};
/* End PBXProject section */

/* Begin PBXResourcesBuildPhase section */
		AC72ECF020D322A100B76D8F /* Resources */ = {
			isa = PBXResourcesBuildPhase;
			buildActionMask = 2147483647;
			files = (
				AC72ED0020D322A100B76D8F /* LaunchScreen.storyboard in Resources */,
				AC72ECFD20D322A100B76D8F /* Assets.xcassets in Resources */,
				ACCDD2B420DC5DDE00579EDA /* movies.json in Resources */,
				AC72ECFB20D322A100B76D8F /* Main.storyboard in Resources */,
			);
			runOnlyForDeploymentPostprocessing = 0;
		};
/* End PBXResourcesBuildPhase section */

/* Begin PBXSourcesBuildPhase section */
		AC72ECEE20D322A100B76D8F /* Sources */ = {
			isa = PBXSourcesBuildPhase;
			buildActionMask = 2147483647;
			files = (
				ACCDD2DE20DC82AF00579EDA /* MovieTableViewCell.swift in Sources */,
				ACCDD2B820DC694000579EDA /* MoviesTableViewController.swift in Sources */,
				AC72ECF820D322A100B76D8F /* ViewController.swift in Sources */,
				AC72ECF620D322A100B76D8F /* AppDelegate.swift in Sources */,
				ACCDD2B620DC5EBD00579EDA /* Movie.swift in Sources */,
			);
			runOnlyForDeploymentPostprocessing = 0;
		};
/* End PBXSourcesBuildPhase section */

/* Begin PBXVariantGroup section */
		AC72ECF920D322A100B76D8F /* Main.storyboard */ = {
			isa = PBXVariantGroup;
			children = (
				AC72ECFA20D322A100B76D8F /* Base */,
			);
			name = Main.storyboard;
			sourceTree = "<group>";
		};
		AC72ECFE20D322A100B76D8F /* LaunchScreen.storyboard */ = {
			isa = PBXVariantGroup;
			children = (
				AC72ECFF20D322A100B76D8F /* Base */,
			);
			name = LaunchScreen.storyboard;
			sourceTree = "<group>";
		};
/* End PBXVariantGroup section */

/* Begin XCBuildConfiguration section */
		AC72ED0220D322A100B76D8F /* Debug */ = {
			isa = XCBuildConfiguration;
			buildSettings = {
				ALWAYS_SEARCH_USER_PATHS = NO;
				CLANG_ANALYZER_NONNULL = YES;
				CLANG_ANALYZER_NUMBER_OBJECT_CONVERSION = YES_AGGRESSIVE;
				CLANG_CXX_LANGUAGE_STANDARD = "gnu++14";
				CLANG_CXX_LIBRARY = "libc++";
				CLANG_ENABLE_MODULES = YES;
				CLANG_ENABLE_OBJC_ARC = YES;
				CLANG_WARN_BLOCK_CAPTURE_AUTORELEASING = YES;
				CLANG_WARN_BOOL_CONVERSION = YES;
				CLANG_WARN_COMMA = YES;
				CLANG_WARN_CONSTANT_CONVERSION = YES;
				CLANG_WARN_DIRECT_OBJC_ISA_USAGE = YES_ERROR;
				CLANG_WARN_DOCUMENTATION_COMMENTS = YES;
				CLANG_WARN_EMPTY_BODY = YES;
				CLANG_WARN_ENUM_CONVERSION = YES;
				CLANG_WARN_INFINITE_RECURSION = YES;
				CLANG_WARN_INT_CONVERSION = YES;
				CLANG_WARN_NON_LITERAL_NULL_CONVERSION = YES;
				CLANG_WARN_OBJC_LITERAL_CONVERSION = YES;
				CLANG_WARN_OBJC_ROOT_CLASS = YES_ERROR;
				CLANG_WARN_RANGE_LOOP_ANALYSIS = YES;
				CLANG_WARN_STRICT_PROTOTYPES = YES;
				CLANG_WARN_SUSPICIOUS_MOVE = YES;
				CLANG_WARN_UNGUARDED_AVAILABILITY = YES_AGGRESSIVE;
				CLANG_WARN_UNREACHABLE_CODE = YES;
				CLANG_WARN__DUPLICATE_METHOD_MATCH = YES;
				CODE_SIGN_IDENTITY = "iPhone Developer";
				COPY_PHASE_STRIP = NO;
				DEBUG_INFORMATION_FORMAT = dwarf;
				ENABLE_STRICT_OBJC_MSGSEND = YES;
				ENABLE_TESTABILITY = YES;
				GCC_C_LANGUAGE_STANDARD = gnu11;
				GCC_DYNAMIC_NO_PIC = NO;
				GCC_NO_COMMON_BLOCKS = YES;
				GCC_OPTIMIZATION_LEVEL = 0;
				GCC_PREPROCESSOR_DEFINITIONS = (
					"DEBUG=1",
					"$(inherited)",
				);
				GCC_WARN_64_TO_32_BIT_CONVERSION = YES;
				GCC_WARN_ABOUT_RETURN_TYPE = YES_ERROR;
				GCC_WARN_UNDECLARED_SELECTOR = YES;
				GCC_WARN_UNINITIALIZED_AUTOS = YES_AGGRESSIVE;
				GCC_WARN_UNUSED_FUNCTION = YES;
				GCC_WARN_UNUSED_VARIABLE = YES;
				IPHONEOS_DEPLOYMENT_TARGET = 11.2;
				MTL_ENABLE_DEBUG_INFO = YES;
				ONLY_ACTIVE_ARCH = YES;
				SDKROOT = iphoneos;
				SWIFT_ACTIVE_COMPILATION_CONDITIONS = DEBUG;
				SWIFT_OPTIMIZATION_LEVEL = "-Onone";
			};
			name = Debug;
		};
		AC72ED0320D322A100B76D8F /* Release */ = {
			isa = XCBuildConfiguration;
			buildSettings = {
				ALWAYS_SEARCH_USER_PATHS = NO;
				CLANG_ANALYZER_NONNULL = YES;
				CLANG_ANALYZER_NUMBER_OBJECT_CONVERSION = YES_AGGRESSIVE;
				CLANG_CXX_LANGUAGE_STANDARD = "gnu++14";
				CLANG_CXX_LIBRARY = "libc++";
				CLANG_ENABLE_MODULES = YES;
				CLANG_ENABLE_OBJC_ARC = YES;
				CLANG_WARN_BLOCK_CAPTURE_AUTORELEASING = YES;
				CLANG_WARN_BOOL_CONVERSION = YES;
				CLANG_WARN_COMMA = YES;
				CLANG_WARN_CONSTANT_CONVERSION = YES;
				CLANG_WARN_DIRECT_OBJC_ISA_USAGE = YES_ERROR;
				CLANG_WARN_DOCUMENTATION_COMMENTS = YES;
				CLANG_WARN_EMPTY_BODY = YES;
				CLANG_WARN_ENUM_CONVERSION = YES;
				CLANG_WARN_INFINITE_RECURSION = YES;
				CLANG_WARN_INT_CONVERSION = YES;
				CLANG_WARN_NON_LITERAL_NULL_CONVERSION = YES;
				CLANG_WARN_OBJC_LITERAL_CONVERSION = YES;
				CLANG_WARN_OBJC_ROOT_CLASS = YES_ERROR;
				CLANG_WARN_RANGE_LOOP_ANALYSIS = YES;
				CLANG_WARN_STRICT_PROTOTYPES = YES;
				CLANG_WARN_SUSPICIOUS_MOVE = YES;
				CLANG_WARN_UNGUARDED_AVAILABILITY = YES_AGGRESSIVE;
				CLANG_WARN_UNREACHABLE_CODE = YES;
				CLANG_WARN__DUPLICATE_METHOD_MATCH = YES;
				CODE_SIGN_IDENTITY = "iPhone Developer";
				COPY_PHASE_STRIP = NO;
				DEBUG_INFORMATION_FORMAT = "dwarf-with-dsym";
				ENABLE_NS_ASSERTIONS = NO;
				ENABLE_STRICT_OBJC_MSGSEND = YES;
				GCC_C_LANGUAGE_STANDARD = gnu11;
				GCC_NO_COMMON_BLOCKS = YES;
				GCC_WARN_64_TO_32_BIT_CONVERSION = YES;
				GCC_WARN_ABOUT_RETURN_TYPE = YES_ERROR;
				GCC_WARN_UNDECLARED_SELECTOR = YES;
				GCC_WARN_UNINITIALIZED_AUTOS = YES_AGGRESSIVE;
				GCC_WARN_UNUSED_FUNCTION = YES;
				GCC_WARN_UNUSED_VARIABLE = YES;
				IPHONEOS_DEPLOYMENT_TARGET = 11.2;
				MTL_ENABLE_DEBUG_INFO = NO;
				SDKROOT = iphoneos;
				SWIFT_OPTIMIZATION_LEVEL = "-Owholemodule";
				VALIDATE_PRODUCT = YES;
			};
			name = Release;
		};
		AC72ED0520D322A100B76D8F /* Debug */ = {
			isa = XCBuildConfiguration;
			buildSettings = {
				ASSETCATALOG_COMPILER_APPICON_NAME = AppIcon;
				CODE_SIGN_STYLE = Automatic;
				INFOPLIST_FILE = MoviesLib/Info.plist;
				LD_RUNPATH_SEARCH_PATHS = "$(inherited) @executable_path/Frameworks";
				PRODUCT_BUNDLE_IDENTIFIER = br.com.fiap.MoviesLib;
				PRODUCT_NAME = "$(TARGET_NAME)";
				SWIFT_VERSION = 4.0;
				TARGETED_DEVICE_FAMILY = 1;
			};
			name = Debug;
		};
		AC72ED0620D322A100B76D8F /* Release */ = {
			isa = XCBuildConfiguration;
			buildSettings = {
				ASSETCATALOG_COMPILER_APPICON_NAME = AppIcon;
				CODE_SIGN_STYLE = Automatic;
				INFOPLIST_FILE = MoviesLib/Info.plist;
				LD_RUNPATH_SEARCH_PATHS = "$(inherited) @executable_path/Frameworks";
				PRODUCT_BUNDLE_IDENTIFIER = br.com.fiap.MoviesLib;
				PRODUCT_NAME = "$(TARGET_NAME)";
				SWIFT_VERSION = 4.0;
				TARGETED_DEVICE_FAMILY = 1;
			};
			name = Release;
		};
/* End XCBuildConfiguration section */

/* Begin XCConfigurationList section */
		AC72ECED20D322A100B76D8F /* Build configuration list for PBXProject "MoviesLib" */ = {
			isa = XCConfigurationList;
			buildConfigurations = (
				AC72ED0220D322A100B76D8F /* Debug */,
				AC72ED0320D322A100B76D8F /* Release */,
			);
			defaultConfigurationIsVisible = 0;
			defaultConfigurationName = Release;
		};
		AC72ED0420D322A100B76D8F /* Build configuration list for PBXNativeTarget "MoviesLib" */ = {
			isa = XCConfigurationList;
			buildConfigurations = (
				AC72ED0520D322A100B76D8F /* Debug */,
				AC72ED0620D322A100B76D8F /* Release */,
			);
			defaultConfigurationIsVisible = 0;
			defaultConfigurationName = Release;
		};
/* End XCConfigurationList section */
	};
	rootObject = AC72ECEA20D322A100B76D8F /* Project object */;
}
